
Microsoft Visual Studio Solution File, Format Version 12.00
# Visual Studio 15
VisualStudioVersion = 15.0.28307.1778
MinimumVisualStudioVersion = 10.0.40219.1
Project("{FAE04EC0-301F-11D3-BF4B-00C04F79EFBC}") = "HastaneOtomasyon", "HastaneOtomasyon\HastaneOtomasyon.csproj", "{4710EA8D-3822-4A2A-8D83-31FBBBB011CD}"
EndProject
Global
	GlobalSection(SolutionConfigurationPlatforms) = preSolution
		Debug|Any CPU = Debug|Any CPU
		Release|Any CPU = Release|Any CPU
	EndGlobalSection
	GlobalSection(ProjectConfigurationPlatforms) = postSolution
		{4710EA8D-3822-4A2A-8D83-31FBBBB011CD}.Debug|Any CPU.ActiveCfg = Debug|Any CPU
		{4710EA8D-3822-4A2A-8D83-31FBBBB011CD}.Debug|Any CPU.Build.0 = Debug|Any CPU
		{4710EA8D-3822-4A2A-8D83-31FBBBB011CD}.Release|Any CPU.ActiveCfg = Release|Any CPU
		{4710EA8D-3822-4A2A-8D83-31FBBBB011CD}.Release|Any CPU.Build.0 = Release|Any CPU
	EndGlobalSection
	GlobalSection(SolutionProperties) = preSolution
		HideSolutionNode = FALSE
	EndGlobalSection
	GlobalSection(ExtensibilityGlobals) = postSolution
		SolutionGuid = {464CCB36-D105-4980-8A40-89739D7A9B24}
	EndGlobalSection
EndGlobal
